// !$*UTF8*$!
{
	archiveVersion = 1;
	classes = {
	};
	objectVersion = 46;
	objects = {

/* Begin PBXBuildFile section */
		B0787E561A715F1A009BA0E3 /* main.m in Sources */ = {isa = PBXBuildFile; fileRef = B0787E551A715F1A009BA0E3 /* main.m */; };
		B0787E591A715F1A009BA0E3 /* AppDelegate.m in Sources */ = {isa = PBXBuildFile; fileRef = B0787E581A715F1A009BA0E3 /* AppDelegate.m */; };
		B0787E5C1A715F1A009BA0E3 /* AdoredToothPastesViewController.m in Sources */ = {isa = PBXBuildFile; fileRef = B0787E5B1A715F1A009BA0E3 /* AdoredToothPastesViewController.m */; };
		B0787E5F1A715F1A009BA0E3 /* Main.storyboard in Resources */ = {isa = PBXBuildFile; fileRef = B0787E5D1A715F1A009BA0E3 /* Main.storyboard */; };
		B0787E611A715F1A009BA0E3 /* Images.xcassets in Resources */ = {isa = PBXBuildFile; fileRef = B0787E601A715F1A009BA0E3 /* Images.xcassets */; };
		B0787E641A715F1A009BA0E3 /* LaunchScreen.xib in Resources */ = {isa = PBXBuildFile; fileRef = B0787E621A715F1A009BA0E3 /* LaunchScreen.xib */; };
		B0787E701A715F1A009BA0E3 /* ToothPastesIHaveLovedAndAdoredTests.m in Sources */ = {isa = PBXBuildFile; fileRef = B0787E6F1A715F1A009BA0E3 /* ToothPastesIHaveLovedAndAdoredTests.m */; };
		B0787E7B1A716654009BA0E3 /* ToothPastesTableViewController.m in Sources */ = {isa = PBXBuildFile; fileRef = B0787E7A1A716654009BA0E3 /* ToothPastesTableViewController.m */; };
/* End PBXBuildFile section */

/* Begin PBXContainerItemProxy section */
		B0787E6A1A715F1A009BA0E3 /* PBXContainerItemProxy */ = {
			isa = PBXContainerItemProxy;
			containerPortal = B0787E481A715F1A009BA0E3 /* Project object */;
			proxyType = 1;
			remoteGlobalIDString = B0787E4F1A715F1A009BA0E3;
			remoteInfo = ToothPastesIHaveLovedAndAdored;
		};
/* End PBXContainerItemProxy section */

/* Begin PBXFileReference section */
		B0787E501A715F1A009BA0E3 /* ToothPastesIHaveLovedAndAdored.app */ = {isa = PBXFileReference; explicitFileType = wrapper.application; includeInIndex = 0; path = ToothPastesIHaveLovedAndAdored.app; sourceTree = BUILT_PRODUCTS_DIR; };
		B0787E541A715F1A009BA0E3 /* Info.plist */ = {isa = PBXFileReference; lastKnownFileType = text.plist.xml; path = Info.plist; sourceTree = "<group>"; };
		B0787E551A715F1A009BA0E3 /* main.m */ = {isa = PBXFileReference; lastKnownFileType = sourcecode.c.objc; path = main.m; sourceTree = "<group>"; };
		B0787E571A715F1A009BA0E3 /* AppDelegate.h */ = {isa = PBXFileReference; lastKnownFileType = sourcecode.c.h; path = AppDelegate.h; sourceTree = "<group>"; };
		B0787E581A715F1A009BA0E3 /* AppDelegate.m */ = {isa = PBXFileReference; lastKnownFileType = sourcecode.c.objc; path = AppDelegate.m; sourceTree = "<group>"; };
		B0787E5A1A715F1A009BA0E3 /* AdoredToothPastesViewController.h */ = {isa = PBXFileReference; lastKnownFileType = sourcecode.c.h; path = AdoredToothPastesViewController.h; sourceTree = "<group>"; };
		B0787E5B1A715F1A009BA0E3 /* AdoredToothPastesViewController.m */ = {isa = PBXFileReference; lastKnownFileType = sourcecode.c.objc; path = AdoredToothPastesViewController.m; sourceTree = "<group>"; };
		B0787E5E1A715F1A009BA0E3 /* Base */ = {isa = PBXFileReference; lastKnownFileType = file.storyboard; name = Base; path = Base.lproj/Main.storyboard; sourceTree = "<group>"; };
		B0787E601A715F1A009BA0E3 /* Images.xcassets */ = {isa = PBXFileReference; lastKnownFileType = folder.assetcatalog; path = Images.xcassets; sourceTree = "<group>"; };
		B0787E631A715F1A009BA0E3 /* Base */ = {isa = PBXFileReference; lastKnownFileType = file.xib; name = Base; path = Base.lproj/LaunchScreen.xib; sourceTree = "<group>"; };
		B0787E691A715F1A009BA0E3 /* ToothPastesIHaveLovedAndAdoredTests.xctest */ = {isa = PBXFileReference; explicitFileType = wrapper.cfbundle; includeInIndex = 0; path = ToothPastesIHaveLovedAndAdoredTests.xctest; sourceTree = BUILT_PRODUCTS_DIR; };
		B0787E6E1A715F1A009BA0E3 /* Info.plist */ = {isa = PBXFileReference; lastKnownFileType = text.plist.xml; path = Info.plist; sourceTree = "<group>"; };
		B0787E6F1A715F1A009BA0E3 /* ToothPastesIHaveLovedAndAdoredTests.m */ = {isa = PBXFileReference; lastKnownFileType = sourcecode.c.objc; path = ToothPastesIHaveLovedAndAdoredTests.m; sourceTree = "<group>"; };
		B0787E791A716654009BA0E3 /* ToothPastesTableViewController.h */ = {isa = PBXFileReference; fileEncoding = 4; lastKnownFileType = sourcecode.c.h; path = ToothPastesTableViewController.h; sourceTree = "<group>"; };
		B0787E7A1A716654009BA0E3 /* ToothPastesTableViewController.m */ = {isa = PBXFileReference; fileEncoding = 4; lastKnownFileType = sourcecode.c.objc; path = ToothPastesTableViewController.m; sourceTree = "<group>"; };
/* End PBXFileReference section */

/* Begin PBXFrameworksBuildPhase section */
		B0787E4D1A715F1A009BA0E3 /* Frameworks */ = {
			isa = PBXFrameworksBuildPhase;
			buildActionMask = 2147483647;
			files = (
			);
			runOnlyForDeploymentPostprocessing = 0;
		};
		B0787E661A715F1A009BA0E3 /* Frameworks */ = {
			isa = PBXFrameworksBuildPhase;
			buildActionMask = 2147483647;
			files = (
			);
			runOnlyForDeploymentPostprocessing = 0;
		};
/* End PBXFrameworksBuildPhase section */

/* Begin PBXGroup section */
		B0787E471A715F1A009BA0E3 = {
			isa = PBXGroup;
			children = (
				B0787E521A715F1A009BA0E3 /* ToothPastesIHaveLovedAndAdored */,
				B0787E6C1A715F1A009BA0E3 /* ToothPastesIHaveLovedAndAdoredTests */,
				B0787E511A715F1A009BA0E3 /* Products */,
			);
			sourceTree = "<group>";
		};
		B0787E511A715F1A009BA0E3 /* Products */ = {
			isa = PBXGroup;
			children = (
				B0787E501A715F1A009BA0E3 /* ToothPastesIHaveLovedAndAdored.app */,
				B0787E691A715F1A009BA0E3 /* ToothPastesIHaveLovedAndAdoredTests.xctest */,
			);
			name = Products;
			sourceTree = "<group>";
		};
		B0787E521A715F1A009BA0E3 /* ToothPastesIHaveLovedAndAdored */ = {
			isa = PBXGroup;
			children = (
				B0787E571A715F1A009BA0E3 /* AppDelegate.h */,
				B0787E581A715F1A009BA0E3 /* AppDelegate.m */,
				B0787E5A1A715F1A009BA0E3 /* AdoredToothPastesViewController.h */,
				B0787E5B1A715F1A009BA0E3 /* AdoredToothPastesViewController.m */,
				B0787E5D1A715F1A009BA0E3 /* Main.storyboard */,
				B0787E791A716654009BA0E3 /* ToothPastesTableViewController.h */,
				B0787E7A1A716654009BA0E3 /* ToothPastesTableViewController.m */,
				B0787E601A715F1A009BA0E3 /* Images.xcassets */,
				B0787E621A715F1A009BA0E3 /* LaunchScreen.xib */,
				B0787E531A715F1A009BA0E3 /* Supporting Files */,
			);
			path = ToothPastesIHaveLovedAndAdored;
			sourceTree = "<group>";
		};
		B0787E531A715F1A009BA0E3 /* Supporting Files */ = {
			isa = PBXGroup;
			children = (
				B0787E541A715F1A009BA0E3 /* Info.plist */,
				B0787E551A715F1A009BA0E3 /* main.m */,
			);
			name = "Supporting Files";
			sourceTree = "<group>";
		};
		B0787E6C1A715F1A009BA0E3 /* ToothPastesIHaveLovedAndAdoredTests */ = {
			isa = PBXGroup;
			children = (
				B0787E6F1A715F1A009BA0E3 /* ToothPastesIHaveLovedAndAdoredTests.m */,
				B0787E6D1A715F1A009BA0E3 /* Supporting Files */,
			);
			path = ToothPastesIHaveLovedAndAdoredTests;
			sourceTree = "<group>";
		};
		B0787E6D1A715F1A009BA0E3 /* Supporting Files */ = {
			isa = PBXGroup;
			children = (
				B0787E6E1A715F1A009BA0E3 /* Info.plist */,
			);
			name = "Supporting Files";
			sourceTree = "<group>";
		};
/* End PBXGroup section */

/* Begin PBXNativeTarget section */
		B0787E4F1A715F1A009BA0E3 /* ToothPastesIHaveLovedAndAdored */ = {
			isa = PBXNativeTarget;
			buildConfigurationList = B0787E731A715F1A009BA0E3 /* Build configuration list for PBXNativeTarget "ToothPastesIHaveLovedAndAdored" */;
			buildPhases = (
				B0787E4C1A715F1A009BA0E3 /* Sources */,
				B0787E4D1A715F1A009BA0E3 /* Frameworks */,
				B0787E4E1A715F1A009BA0E3 /* Resources */,
			);
			buildRules = (
			);
			dependencies = (
			);
			name = ToothPastesIHaveLovedAndAdored;
			productName = ToothPastesIHaveLovedAndAdored;
			productReference = B0787E501A715F1A009BA0E3 /* ToothPastesIHaveLovedAndAdored.app */;
			productType = "com.apple.product-type.application";
		};
		B0787E681A715F1A009BA0E3 /* ToothPastesIHaveLovedAndAdoredTests */ = {
			isa = PBXNativeTarget;
			buildConfigurationList = B0787E761A715F1A009BA0E3 /* Build configuration list for PBXNativeTarget "ToothPastesIHaveLovedAndAdoredTests" */;
			buildPhases = (
				B0787E651A715F1A009BA0E3 /* Sources */,
				B0787E661A715F1A009BA0E3 /* Frameworks */,
				B0787E671A715F1A009BA0E3 /* Resources */,
			);
			buildRules = (
			);
			dependencies = (
				B0787E6B1A715F1A009BA0E3 /* PBXTargetDependency */,
			);
			name = ToothPastesIHaveLovedAndAdoredTests;
			productName = ToothPastesIHaveLovedAndAdoredTests;
			productReference = B0787E691A715F1A009BA0E3 /* ToothPastesIHaveLovedAndAdoredTests.xctest */;
			productType = "com.apple.product-type.bundle.unit-test";
		};
/* End PBXNativeTarget section */

/* Begin PBXProject section */
		B0787E481A715F1A009BA0E3 /* Project object */ = {
			isa = PBXProject;
			attributes = {
				LastUpgradeCheck = 0610;
				ORGANIZATIONNAME = "Syed Amaanullah";
				TargetAttributes = {
					B0787E4F1A715F1A009BA0E3 = {
						CreatedOnToolsVersion = 6.1.1;
					};
					B0787E681A715F1A009BA0E3 = {
						CreatedOnToolsVersion = 6.1.1;
						TestTargetID = B0787E4F1A715F1A009BA0E3;
					};
				};
			};
			buildConfigurationList = B0787E4B1A715F1A009BA0E3 /* Build configuration list for PBXProject "ToothPastesIHaveLovedAndAdored" */;
			compatibilityVersion = "Xcode 3.2";
			developmentRegion = English;
			hasScannedForEncodings = 0;
			knownRegions = (
				en,
				Base,
			);
			mainGroup = B0787E471A715F1A009BA0E3;
			productRefGroup = B0787E511A715F1A009BA0E3 /* Products */;
			projectDirPath = "";
			projectRoot = "";
			targets = (
				B0787E4F1A715F1A009BA0E3 /* ToothPastesIHaveLovedAndAdored */,
				B0787E681A715F1A009BA0E3 /* ToothPastesIHaveLovedAndAdoredTests */,
			);
		};
/* End PBXProject section */

/* Begin PBXResourcesBuildPhase section */
		B0787E4E1A715F1A009BA0E3 /* Resources */ = {
			isa = PBXResourcesBuildPhase;
			buildActionMask = 2147483647;
			files = (
				B0787E5F1A715F1A009BA0E3 /* Main.storyboard in Resources */,
				B0787E641A715F1A009BA0E3 /* LaunchScreen.xib in Resources */,
				B0787E611A715F1A009BA0E3 /* Images.xcassets in Resources */,
			);
			runOnlyForDeploymentPostprocessing = 0;
		};
		B0787E671A715F1A009BA0E3 /* Resources */ = {
			isa = PBXResourcesBuildPhase;
			buildActionMask = 2147483647;
			files = (
			);
			runOnlyForDeploymentPostprocessing = 0;
		};
/* End PBXResourcesBuildPhase section */

/* Begin PBXSourcesBuildPhase section */
		B0787E4C1A715F1A009BA0E3 /* Sources */ = {
			isa = PBXSourcesBuildPhase;
			buildActionMask = 2147483647;
			files = (
				B0787E7B1A716654009BA0E3 /* ToothPastesTableViewController.m in Sources */,
				B0787E5C1A715F1A009BA0E3 /* AdoredToothPastesViewController.m in Sources */,
				B0787E591A715F1A009BA0E3 /* AppDelegate.m in Sources */,
				B0787E561A715F1A009BA0E3 /* main.m in Sources */,
			);
			runOnlyForDeploymentPostprocessing = 0;
		};
		B0787E651A715F1A009BA0E3 /* Sources */ = {
			isa = PBXSourcesBuildPhase;
			buildActionMask = 2147483647;
			files = (
				B0787E701A715F1A009BA0E3 /* ToothPastesIHaveLovedAndAdoredTests.m in Sources */,
			);
			runOnlyForDeploymentPostprocessing = 0;
		};
/* End PBXSourcesBuildPhase section */

/* Begin PBXTargetDependency section */
		B0787E6B1A715F1A009BA0E3 /* PBXTargetDependency */ = {
			isa = PBXTargetDependency;
			target = B0787E4F1A715F1A009BA0E3 /* ToothPastesIHaveLovedAndAdored */;
			targetProxy = B0787E6A1A715F1A009BA0E3 /* PBXContainerItemProxy */;
		};
/* End PBXTargetDependency section */

/* Begin PBXVariantGroup section */
		B0787E5D1A715F1A009BA0E3 /* Main.storyboard */ = {
			isa = PBXVariantGroup;
			children = (
				B0787E5E1A715F1A009BA0E3 /* Base */,
			);
			name = Main.storyboard;
			sourceTree = "<group>";
		};
		B0787E621A715F1A009BA0E3 /* LaunchScreen.xib */ = {
			isa = PBXVariantGroup;
			children = (
				B0787E631A715F1A009BA0E3 /* Base */,
			);
			name = LaunchScreen.xib;
			sourceTree = "<group>";
		};
/* End PBXVariantGroup section */

/* Begin XCBuildConfiguration section */
		B0787E711A715F1A009BA0E3 /* Debug */ = {
			isa = XCBuildConfiguration;
			buildSettings = {
				ALWAYS_SEARCH_USER_PATHS = NO;
				CLANG_CXX_LANGUAGE_STANDARD = "gnu++0x";
				CLANG_CXX_LIBRARY = "libc++";
				CLANG_ENABLE_MODULES = YES;
				CLANG_ENABLE_OBJC_ARC = YES;
				CLANG_WARN_BOOL_CONVERSION = YES;
				CLANG_WARN_CONSTANT_CONVERSION = YES;
				CLANG_WARN_DIRECT_OBJC_ISA_USAGE = YES_ERROR;
				CLANG_WARN_EMPTY_BODY = YES;
				CLANG_WARN_ENUM_CONVERSION = YES;
				CLANG_WARN_INT_CONVERSION = YES;
				CLANG_WARN_OBJC_ROOT_CLASS = YES_ERROR;
				CLANG_WARN_UNREACHABLE_CODE = YES;
				CLANG_WARN__DUPLICATE_METHOD_MATCH = YES;
				"CODE_SIGN_IDENTITY[sdk=iphoneos*]" = "iPhone Developer";
				COPY_PHASE_STRIP = NO;
				ENABLE_STRICT_OBJC_MSGSEND = YES;
				GCC_C_LANGUAGE_STANDARD = gnu99;
				GCC_DYNAMIC_NO_PIC = NO;
				GCC_OPTIMIZATION_LEVEL = 0;
				GCC_PREPROCESSOR_DEFINITIONS = (
					"DEBUG=1",
					"$(inherited)",
				);
				GCC_SYMBOLS_PRIVATE_EXTERN = NO;
				GCC_WARN_64_TO_32_BIT_CONVERSION = YES;
				GCC_WARN_ABOUT_RETURN_TYPE = YES_ERROR;
				GCC_WARN_UNDECLARED_SELECTOR = YES;
				GCC_WARN_UNINITIALIZED_AUTOS = YES_AGGRESSIVE;
				GCC_WARN_UNUSED_FUNCTION = YES;
				GCC_WARN_UNUSED_VARIABLE = YES;
				IPHONEOS_DEPLOYMENT_TARGET = 8.1;
				MTL_ENABLE_DEBUG_INFO = YES;
				ONLY_ACTIVE_ARCH = YES;
				SDKROOT = iphoneos;
			};
			name = Debug;
		};
		B0787E721A715F1A009BA0E3 /* Release */ = {
			isa = XCBuildConfiguration;
			buildSettings = {
				ALWAYS_SEARCH_USER_PATHS = NO;
				CLANG_CXX_LANGUAGE_STANDARD = "gnu++0x";
				CLANG_CXX_LIBRARY = "libc++";
				CLANG_ENABLE_MODULES = YES;
				CLANG_ENABLE_OBJC_ARC = YES;
				CLANG_WARN_BOOL_CONVERSION = YES;
				CLANG_WARN_CONSTANT_CONVERSION = YES;
				CLANG_WARN_DIRECT_OBJC_ISA_USAGE = YES_ERROR;
				CLANG_WARN_EMPTY_BODY = YES;
				CLANG_WARN_ENUM_CONVERSION = YES;
				CLANG_WARN_INT_CONVERSION = YES;
				CLANG_WARN_OBJC_ROOT_CLASS = YES_ERROR;
				CLANG_WARN_UNREACHABLE_CODE = YES;
				CLANG_WARN__DUPLICATE_METHOD_MATCH = YES;
				"CODE_SIGN_IDENTITY[sdk=iphoneos*]" = "iPhone Developer";
				COPY_PHASE_STRIP = YES;
				ENABLE_NS_ASSERTIONS = NO;
				ENABLE_STRICT_OBJC_MSGSEND = YES;
				GCC_C_LANGUAGE_STANDARD = gnu99;
				GCC_WARN_64_TO_32_BIT_CONVERSION = YES;
				GCC_WARN_ABOUT_RETURN_TYPE = YES_ERROR;
				GCC_WARN_UNDECLARED_SELECTOR = YES;
				GCC_WARN_UNINITIALIZED_AUTOS = YES_AGGRESSIVE;
				GCC_WARN_UNUSED_FUNCTION = YES;
				GCC_WARN_UNUSED_VARIABLE = YES;
				IPHONEOS_DEPLOYMENT_TARGET = 8.1;
				MTL_ENABLE_DEBUG_INFO = NO;
				SDKROOT = iphoneos;
				VALIDATE_PRODUCT = YES;
			};
			name = Release;
		};
		B0787E741A715F1A009BA0E3 /* Debug */ = {
			isa = XCBuildConfiguration;
			buildSettings = {
				ASSETCATALOG_COMPILER_APPICON_NAME = AppIcon;
				INFOPLIST_FILE = ToothPastesIHaveLovedAndAdored/Info.plist;
				LD_RUNPATH_SEARCH_PATHS = "$(inherited) @executable_path/Frameworks";
				PRODUCT_NAME = "$(TARGET_NAME)";
			};
			name = Debug;
		};
		B0787E751A715F1A009BA0E3 /* Release */ = {
			isa = XCBuildConfiguration;
			buildSettings = {
				ASSETCATALOG_COMPILER_APPICON_NAME = AppIcon;
				INFOPLIST_FILE = ToothPastesIHaveLovedAndAdored/Info.plist;
				LD_RUNPATH_SEARCH_PATHS = "$(inherited) @executable_path/Frameworks";
				PRODUCT_NAME = "$(TARGET_NAME)";
			};
			name = Release;
		};
		B0787E771A715F1A009BA0E3 /* Debug */ = {
			isa = XCBuildConfiguration;
			buildSettings = {
				BUNDLE_LOADER = "$(TEST_HOST)";
				FRAMEWORK_SEARCH_PATHS = (
					"$(SDKROOT)/Developer/Library/Frameworks",
					"$(inherited)",
				);
				GCC_PREPROCESSOR_DEFINITIONS = (
					"DEBUG=1",
					"$(inherited)",
				);
				INFOPLIST_FILE = ToothPastesIHaveLovedAndAdoredTests/Info.plist;
				LD_RUNPATH_SEARCH_PATHS = "$(inherited) @executable_path/Frameworks @loader_path/Frameworks";
				PRODUCT_NAME = "$(TARGET_NAME)";
				TEST_HOST = "$(BUILT_PRODUCTS_DIR)/ToothPastesIHaveLovedAndAdored.app/ToothPastesIHaveLovedAndAdored";
			};
			name = Debug;
		};
		B0787E781A715F1A009BA0E3 /* Release */ = {
			isa = XCBuildConfiguration;
			buildSettings = {
				BUNDLE_LOADER = "$(TEST_HOST)";
				FRAMEWORK_SEARCH_PATHS = (
					"$(SDKROOT)/Developer/Library/Frameworks",
					"$(inherited)",
				);
				INFOPLIST_FILE = ToothPastesIHaveLovedAndAdoredTests/Info.plist;
				LD_RUNPATH_SEARCH_PATHS = "$(inherited) @executable_path/Frameworks @loader_path/Frameworks";
				PRODUCT_NAME = "$(TARGET_NAME)";
				TEST_HOST = "$(BUILT_PRODUCTS_DIR)/ToothPastesIHaveLovedAndAdored.app/ToothPastesIHaveLovedAndAdored";
			};
			name = Release;
		};
/* End XCBuildConfiguration section */

/* Begin XCConfigurationList section */
		B0787E4B1A715F1A009BA0E3 /* Build configuration list for PBXProject "ToothPastesIHaveLovedAndAdored" */ = {
			isa = XCConfigurationList;
			buildConfigurations = (
				B0787E711A715F1A009BA0E3 /* Debug */,
				B0787E721A715F1A009BA0E3 /* Release */,
			);
			defaultConfigurationIsVisible = 0;
			defaultConfigurationName = Release;
		};
		B0787E731A715F1A009BA0E3 /* Build configuration list for PBXNativeTarget "ToothPastesIHaveLovedAndAdored" */ = {
			isa = XCConfigurationList;
			buildConfigurations = (
				B0787E741A715F1A009BA0E3 /* Debug */,
				B0787E751A715F1A009BA0E3 /* Release */,
			);
			defaultConfigurationIsVisible = 0;
		};
		B0787E761A715F1A009BA0E3 /* Build configuration list for PBXNativeTarget "ToothPastesIHaveLovedAndAdoredTests" */ = {
			isa = XCConfigurationList;
			buildConfigurations = (
				B0787E771A715F1A009BA0E3 /* Debug */,
				B0787E781A715F1A009BA0E3 /* Release */,
			);
			defaultConfigurationIsVisible = 0;
		};
/* End XCConfigurationList section */
	};
	rootObject = B0787E481A715F1A009BA0E3 /* Project object */;
}
